{
  "name": "scripts",
  "version": "1.0.0",
  "lockfileVersion": 3,
  "requires": true,
  "packages": {
    "": {
      "name": "scripts",
      "version": "1.0.0",
      "license": "ISC",
      "dependencies": {
        "maple2-packetlib-ts": "^1.1.2"
      }
    },
    "node_modules/@picode/binary-reader": {
      "version": "1.0.0",
      "license": "MIT"
    },
    "node_modules/maple2-packetlib-ts": {
      "version": "1.1.2",
      "license": "MIT",
      "dependencies": {
        "@picode/binary-reader": "^1.0.0"
      },
      "bin": {
        "maple2-packetlib-ts": "dist/commands/bin.js"
      }
    }
  }
}
